{
  "nodes": {
    "iosevka-upstream": {
      "flake": false,
      "locked": {
        "lastModified": 1774705911,
        "narHash": "sha256-Se+GIx+Uea/lMOdTDhbt/H+F0yeyMHclpSp52U+pmtA=",
        "owner": "be5invis",
        "repo": "Iosevka",
        "rev": "49312e9338d63caba2a9b2c6a71ece2da2f73981",
        "type": "github"
      },
      "original": {
        "owner": "be5invis",
        "ref": "refs/tags/v34.3.0",
        "repo": "Iosevka",
        "type": "github"
      }
    },
    "nixpkgs": {
      "locked": {
        "lastModified": 1775036866,
        "narHash": "sha256-ZojAnPuCdy657PbTq5V0Y+AHKhZAIwSIT2cb8UgAz/U=",
        "owner": "nixos",
        "repo": "nixpkgs",
        "rev": "6201e203d09599479a3b3450ed24fa81537ebc4e",
        "type": "github"
      },
      "original": {
        "owner": "nixos",
        "ref": "nixos-unstable",
        "repo": "nixpkgs",
        "type": "github"
      }
    },
    "root": {
      "inputs": {
        "iosevka-upstream": "iosevka-upstream",
        "nixpkgs": "nixpkgs"
      }
    }
  },
  "root": "root",
  "version": 7
}
